
Microsoft Visual Studio Solution File, Format Version 12.00
# Visual Studio Version 17
VisualStudioVersion = 17.8.34525.116
MinimumVisualStudioVersion = 10.0.40219.1
Project("{FAE04EC0-301F-11D3-BF4B-00C04F79EFBC}") = "Assignment-1", "Assignment-1\Assignment-1.csproj", "{0C88C2EE-2CB2-457D-A9A8-8DD07A2ED0FA}"
EndProject
Global
	GlobalSection(SolutionConfigurationPlatforms) = preSolution
		Debug|Any CPU = Debug|Any CPU
		Release|Any CPU = Release|Any CPU
	EndGlobalSection
	GlobalSection(ProjectConfigurationPlatforms) = postSolution
		{0C88C2EE-2CB2-457D-A9A8-8DD07A2ED0FA}.Debug|Any CPU.ActiveCfg = Debug|Any CPU
		{0C88C2EE-2CB2-457D-A9A8-8DD07A2ED0FA}.Debug|Any CPU.Build.0 = Debug|Any CPU
		{0C88C2EE-2CB2-457D-A9A8-8DD07A2ED0FA}.Release|Any CPU.ActiveCfg = Release|Any CPU
		{0C88C2EE-2CB2-457D-A9A8-8DD07A2ED0FA}.Release|Any CPU.Build.0 = Release|Any CPU
	EndGlobalSection
	GlobalSection(SolutionProperties) = preSolution
		HideSolutionNode = FALSE
	EndGlobalSection
	GlobalSection(ExtensibilityGlobals) = postSolution
		SolutionGuid = {90768D83-CEC4-44C2-A18E-004C28B2B83C}
	EndGlobalSection
EndGlobal
